PODS:
  - Flutter (1.0.0)
  - "permission_handler (5.1.0+2)":
    - Flutter
  - speech_to_text (0.0.1):
    - Flutter
    - Try
  - Try (2.1.1)

DEPENDENCIES:
  - Flutter (from `Flutter`)
  - permission_handler (from `.symlinks/plugins/permission_handler/ios`)
  - speech_to_text (from `.symlinks/plugins/speech_to_text/ios`)

SPEC REPOS:
  trunk:
    - Try

EXTERNAL SOURCES:
  Flutter:
    :path: Flutter
  permission_handler:
    :path: ".symlinks/plugins/permission_handler/ios"
  speech_to_text:
    :path: ".symlinks/plugins/speech_to_text/ios"

SPEC CHECKSUMS:
  Flutter: 434fef37c0980e73bb6479ef766c45957d4b510c
  permission_handler: ccb20a9fad0ee9b1314a52b70b76b473c5f8dab0
  speech_to_text: b43a7d99aef037bd758ed8e45d79bbac035d2dfe
  Try: 5ef669ae832617b3cee58cb2c6f99fb767a4ff96

PODFILE CHECKSUM: a246ce1b0085621d01844552650f85c923c9b4f2

COCOAPODS: 1.10.1
